// !$*UTF8*$!
{
	archiveVersion = 1;
	classes = {
	};
	objectVersion = 46;
	objects = {

/* Begin PBXBuildFile section */
		F75323271E07845B008468AD /* main.m in Sources */ = {isa = PBXBuildFile; fileRef = F75323261E07845B008468AD /* main.m */; };
		F753232A1E07845B008468AD /* AppDelegate.m in Sources */ = {isa = PBXBuildFile; fileRef = F75323291E07845B008468AD /* AppDelegate.m */; };
		F753232D1E07845B008468AD /* ViewController.m in Sources */ = {isa = PBXBuildFile; fileRef = F753232C1E07845B008468AD /* ViewController.m */; };
		F75323301E07845B008468AD /* Main.storyboard in Resources */ = {isa = PBXBuildFile; fileRef = F753232E1E07845B008468AD /* Main.storyboard */; };
		F75323321E07845B008468AD /* Assets.xcassets in Resources */ = {isa = PBXBuildFile; fileRef = F75323311E07845B008468AD /* Assets.xcassets */; };
		F75323351E07845B008468AD /* LaunchScreen.storyboard in Resources */ = {isa = PBXBuildFile; fileRef = F75323331E07845B008468AD /* LaunchScreen.storyboard */; };
/* End PBXBuildFile section */

/* Begin PBXFileReference section */
		F75323221E07845B008468AD /* XZPriceCalendar.app */ = {isa = PBXFileReference; explicitFileType = wrapper.application; includeInIndex = 0; path = XZPriceCalendar.app; sourceTree = BUILT_PRODUCTS_DIR; };
		F75323261E07845B008468AD /* main.m */ = {isa = PBXFileReference; lastKnownFileType = sourcecode.c.objc; path = main.m; sourceTree = "<group>"; };
		F75323281E07845B008468AD /* AppDelegate.h */ = {isa = PBXFileReference; lastKnownFileType = sourcecode.c.h; path = AppDelegate.h; sourceTree = "<group>"; };
		F75323291E07845B008468AD /* AppDelegate.m */ = {isa = PBXFileReference; lastKnownFileType = sourcecode.c.objc; path = AppDelegate.m; sourceTree = "<group>"; };
		F753232B1E07845B008468AD /* ViewController.h */ = {isa = PBXFileReference; lastKnownFileType = sourcecode.c.h; path = ViewController.h; sourceTree = "<group>"; };
		F753232C1E07845B008468AD /* ViewController.m */ = {isa = PBXFileReference; lastKnownFileType = sourcecode.c.objc; path = ViewController.m; sourceTree = "<group>"; };
		F753232F1E07845B008468AD /* Base */ = {isa = PBXFileReference; lastKnownFileType = file.storyboard; name = Base; path = Base.lproj/Main.storyboard; sourceTree = "<group>"; };
		F75323311E07845B008468AD /* Assets.xcassets */ = {isa = PBXFileReference; lastKnownFileType = folder.assetcatalog; path = Assets.xcassets; sourceTree = "<group>"; };
		F75323341E07845B008468AD /* Base */ = {isa = PBXFileReference; lastKnownFileType = file.storyboard; name = Base; path = Base.lproj/LaunchScreen.storyboard; sourceTree = "<group>"; };
		F75323361E07845B008468AD /* Info.plist */ = {isa = PBXFileReference; lastKnownFileType = text.plist.xml; path = Info.plist; sourceTree = "<group>"; };
/* End PBXFileReference section */

/* Begin PBXFrameworksBuildPhase section */
		F753231F1E07845B008468AD /* Frameworks */ = {
			isa = PBXFrameworksBuildPhase;
			buildActionMask = 2147483647;
			files = (
			);
			runOnlyForDeploymentPostprocessing = 0;
		};
/* End PBXFrameworksBuildPhase section */

/* Begin PBXGroup section */
		F75323191E07845B008468AD = {
			isa = PBXGroup;
			children = (
				F75323241E07845B008468AD /* XZPriceCalendar */,
				F75323231E07845B008468AD /* Products */,
			);
			sourceTree = "<group>";
		};
		F75323231E07845B008468AD /* Products */ = {
			isa = PBXGroup;
			children = (
				F75323221E07845B008468AD /* XZPriceCalendar.app */,
			);
			name = Products;
			sourceTree = "<group>";
		};
		F75323241E07845B008468AD /* XZPriceCalendar */ = {
			isa = PBXGroup;
			children = (
				F75323281E07845B008468AD /* AppDelegate.h */,
				F75323291E07845B008468AD /* AppDelegate.m */,
				F753232B1E07845B008468AD /* ViewController.h */,
				F753232C1E07845B008468AD /* ViewController.m */,
				F753232E1E07845B008468AD /* Main.storyboard */,
				F75323311E07845B008468AD /* Assets.xcassets */,
				F75323331E07845B008468AD /* LaunchScreen.storyboard */,
				F75323361E07845B008468AD /* Info.plist */,
				F75323251E07845B008468AD /* Supporting Files */,
			);
			path = XZPriceCalendar;
			sourceTree = "<group>";
		};
		F75323251E07845B008468AD /* Supporting Files */ = {
			isa = PBXGroup;
			children = (
				F75323261E07845B008468AD /* main.m */,
			);
			name = "Supporting Files";
			sourceTree = "<group>";
		};
/* End PBXGroup section */

/* Begin PBXNativeTarget section */
		F75323211E07845B008468AD /* XZPriceCalendar */ = {
			isa = PBXNativeTarget;
			buildConfigurationList = F75323391E07845B008468AD /* Build configuration list for PBXNativeTarget "XZPriceCalendar" */;
			buildPhases = (
				F753231E1E07845B008468AD /* Sources */,
				F753231F1E07845B008468AD /* Frameworks */,
				F75323201E07845B008468AD /* Resources */,
			);
			buildRules = (
			);
			dependencies = (
			);
			name = XZPriceCalendar;
			productName = XZPriceCalendar;
			productReference = F75323221E07845B008468AD /* XZPriceCalendar.app */;
			productType = "com.apple.product-type.application";
		};
/* End PBXNativeTarget section */

/* Begin PBXProject section */
		F753231A1E07845B008468AD /* Project object */ = {
			isa = PBXProject;
			attributes = {
				LastUpgradeCheck = 0820;
				ORGANIZATIONNAME = coderXu;
				TargetAttributes = {
					F75323211E07845B008468AD = {
						CreatedOnToolsVersion = 8.2;
						DevelopmentTeam = XLF7GFKUG4;
						ProvisioningStyle = Automatic;
					};
				};
			};
			buildConfigurationList = F753231D1E07845B008468AD /* Build configuration list for PBXProject "XZPriceCalendar" */;
			compatibilityVersion = "Xcode 3.2";
			developmentRegion = English;
			hasScannedForEncodings = 0;
			knownRegions = (
				en,
				Base,
			);
			mainGroup = F75323191E07845B008468AD;
			productRefGroup = F75323231E07845B008468AD /* Products */;
			projectDirPath = "";
			projectRoot = "";
			targets = (
				F75323211E07845B008468AD /* XZPriceCalendar */,
			);
		};
/* End PBXProject section */

/* Begin PBXResourcesBuildPhase section */
		F75323201E07845B008468AD /* Resources */ = {
			isa = PBXResourcesBuildPhase;
			buildActionMask = 2147483647;
			files = (
				F75323351E07845B008468AD /* LaunchScreen.storyboard in Resources */,
				F75323321E07845B008468AD /* Assets.xcassets in Resources */,
				F75323301E07845B008468AD /* Main.storyboard in Resources */,
			);
			runOnlyForDeploymentPostprocessing = 0;
		};
/* End PBXResourcesBuildPhase section */

/* Begin PBXSourcesBuildPhase section */
		F753231E1E07845B008468AD /* Sources */ = {
			isa = PBXSourcesBuildPhase;
			buildActionMask = 2147483647;
			files = (
				F753232D1E07845B008468AD /* ViewController.m in Sources */,
				F753232A1E07845B008468AD /* AppDelegate.m in Sources */,
				F75323271E07845B008468AD /* main.m in Sources */,
			);
			runOnlyForDeploymentPostprocessing = 0;
		};
/* End PBXSourcesBuildPhase section */

/* Begin PBXVariantGroup section */
		F753232E1E07845B008468AD /* Main.storyboard */ = {
			isa = PBXVariantGroup;
			children = (
				F753232F1E07845B008468AD /* Base */,
			);
			name = Main.storyboard;
			sourceTree = "<group>";
		};
		F75323331E07845B008468AD /* LaunchScreen.storyboard */ = {
			isa = PBXVariantGroup;
			children = (
				F75323341E07845B008468AD /* Base */,
			);
			name = LaunchScreen.storyboard;
			sourceTree = "<group>";
		};
/* End PBXVariantGroup section */

/* Begin XCBuildConfiguration section */
		F75323371E07845B008468AD /* Debug */ = {
			isa = XCBuildConfiguration;
			buildSettings = {
				ALWAYS_SEARCH_USER_PATHS = NO;
				CLANG_ANALYZER_NONNULL = YES;
				CLANG_CXX_LANGUAGE_STANDARD = "gnu++0x";
				CLANG_CXX_LIBRARY = "libc++";
				CLANG_ENABLE_MODULES = YES;
				CLANG_ENABLE_OBJC_ARC = YES;
				CLANG_WARN_BOOL_CONVERSION = YES;
				CLANG_WARN_CONSTANT_CONVERSION = YES;
				CLANG_WARN_DIRECT_OBJC_ISA_USAGE = YES_ERROR;
				CLANG_WARN_DOCUMENTATION_COMMENTS = YES;
				CLANG_WARN_EMPTY_BODY = YES;
				CLANG_WARN_ENUM_CONVERSION = YES;
				CLANG_WARN_INFINITE_RECURSION = YES;
				CLANG_WARN_INT_CONVERSION = YES;
				CLANG_WARN_OBJC_ROOT_CLASS = YES_ERROR;
				CLANG_WARN_SUSPICIOUS_MOVE = YES;
				CLANG_WARN_UNREACHABLE_CODE = YES;
				CLANG_WARN__DUPLICATE_METHOD_MATCH = YES;
				"CODE_SIGN_IDENTITY[sdk=iphoneos*]" = "iPhone Developer";
				COPY_PHASE_STRIP = NO;
				DEBUG_INFORMATION_FORMAT = dwarf;
				ENABLE_STRICT_OBJC_MSGSEND = YES;
				ENABLE_TESTABILITY = YES;
				GCC_C_LANGUAGE_STANDARD = gnu99;
				GCC_DYNAMIC_NO_PIC = NO;
				GCC_NO_COMMON_BLOCKS = YES;
				GCC_OPTIMIZATION_LEVEL = 0;
				GCC_PREPROCESSOR_DEFINITIONS = (
					"DEBUG=1",
					"$(inherited)",
				);
				GCC_WARN_64_TO_32_BIT_CONVERSION = YES;
				GCC_WARN_ABOUT_RETURN_TYPE = YES_ERROR;
				GCC_WARN_UNDECLARED_SELECTOR = YES;
				GCC_WARN_UNINITIALIZED_AUTOS = YES_AGGRESSIVE;
				GCC_WARN_UNUSED_FUNCTION = YES;
				GCC_WARN_UNUSED_VARIABLE = YES;
				IPHONEOS_DEPLOYMENT_TARGET = 10.2;
				MTL_ENABLE_DEBUG_INFO = YES;
				ONLY_ACTIVE_ARCH = YES;
				SDKROOT = iphoneos;
			};
			name = Debug;
		};
		F75323381E07845B008468AD /* Release */ = {
			isa = XCBuildConfiguration;
			buildSettings = {
				ALWAYS_SEARCH_USER_PATHS = NO;
				CLANG_ANALYZER_NONNULL = YES;
				CLANG_CXX_LANGUAGE_STANDARD = "gnu++0x";
				CLANG_CXX_LIBRARY = "libc++";
				CLANG_ENABLE_MODULES = YES;
				CLANG_ENABLE_OBJC_ARC = YES;
				CLANG_WARN_BOOL_CONVERSION = YES;
				CLANG_WARN_CONSTANT_CONVERSION = YES;
				CLANG_WARN_DIRECT_OBJC_ISA_USAGE = YES_ERROR;
				CLANG_WARN_DOCUMENTATION_COMMENTS = YES;
				CLANG_WARN_EMPTY_BODY = YES;
				CLANG_WARN_ENUM_CONVERSION = YES;
				CLANG_WARN_INFINITE_RECURSION = YES;
				CLANG_WARN_INT_CONVERSION = YES;
				CLANG_WARN_OBJC_ROOT_CLASS = YES_ERROR;
				CLANG_WARN_SUSPICIOUS_MOVE = YES;
				CLANG_WARN_UNREACHABLE_CODE = YES;
				CLANG_WARN__DUPLICATE_METHOD_MATCH = YES;
				"CODE_SIGN_IDENTITY[sdk=iphoneos*]" = "iPhone Developer";
				COPY_PHASE_STRIP = NO;
				DEBUG_INFORMATION_FORMAT = "dwarf-with-dsym";
				ENABLE_NS_ASSERTIONS = NO;
				ENABLE_STRICT_OBJC_MSGSEND = YES;
				GCC_C_LANGUAGE_STANDARD = gnu99;
				GCC_NO_COMMON_BLOCKS = YES;
				GCC_WARN_64_TO_32_BIT_CONVERSION = YES;
				GCC_WARN_ABOUT_RETURN_TYPE = YES_ERROR;
				GCC_WARN_UNDECLARED_SELECTOR = YES;
				GCC_WARN_UNINITIALIZED_AUTOS = YES_AGGRESSIVE;
				GCC_WARN_UNUSED_FUNCTION = YES;
				GCC_WARN_UNUSED_VARIABLE = YES;
				IPHONEOS_DEPLOYMENT_TARGET = 10.2;
				MTL_ENABLE_DEBUG_INFO = NO;
				SDKROOT = iphoneos;
				VALIDATE_PRODUCT = YES;
			};
			name = Release;
		};
		F753233A1E07845B008468AD /* Debug */ = {
			isa = XCBuildConfiguration;
			buildSettings = {
				ASSETCATALOG_COMPILER_APPICON_NAME = AppIcon;
				DEVELOPMENT_TEAM = XLF7GFKUG4;
				INFOPLIST_FILE = XZPriceCalendar/Info.plist;
				LD_RUNPATH_SEARCH_PATHS = "$(inherited) @executable_path/Frameworks";
				PRODUCT_BUNDLE_IDENTIFIER = coderXu.github.io.XZPriceCalendar;
				PRODUCT_NAME = "$(TARGET_NAME)";
			};
			name = Debug;
		};
		F753233B1E07845B008468AD /* Release */ = {
			isa = XCBuildConfiguration;
			buildSettings = {
				ASSETCATALOG_COMPILER_APPICON_NAME = AppIcon;
				DEVELOPMENT_TEAM = XLF7GFKUG4;
				INFOPLIST_FILE = XZPriceCalendar/Info.plist;
				LD_RUNPATH_SEARCH_PATHS = "$(inherited) @executable_path/Frameworks";
				PRODUCT_BUNDLE_IDENTIFIER = coderXu.github.io.XZPriceCalendar;
				PRODUCT_NAME = "$(TARGET_NAME)";
			};
			name = Release;
		};
/* End XCBuildConfiguration section */

/* Begin XCConfigurationList section */
		F753231D1E07845B008468AD /* Build configuration list for PBXProject "XZPriceCalendar" */ = {
			isa = XCConfigurationList;
			buildConfigurations = (
				F75323371E07845B008468AD /* Debug */,
				F75323381E07845B008468AD /* Release */,
			);
			defaultConfigurationIsVisible = 0;
			defaultConfigurationName = Release;
		};
		F75323391E07845B008468AD /* Build configuration list for PBXNativeTarget "XZPriceCalendar" */ = {
			isa = XCConfigurationList;
			buildConfigurations = (
				F753233A1E07845B008468AD /* Debug */,
				F753233B1E07845B008468AD /* Release */,
			);
			defaultConfigurationIsVisible = 0;
		};
/* End XCConfigurationList section */
	};
	rootObject = F753231A1E07845B008468AD /* Project object */;
}
